
Microsoft Visual Studio Solution File, Format Version 12.00
# Visual Studio Version 17
VisualStudioVersion = 17.13.35913.81
MinimumVisualStudioVersion = 10.0.40219.1
Project("{FAE04EC0-301F-11D3-BF4B-00C04F79EFBC}") = "Data", "Data\Data.csproj", "{90681142-6293-4560-9FAB-F91454DF3EF8}"
EndProject
Project("{FAE04EC0-301F-11D3-BF4B-00C04F79EFBC}") = "Logic", "Logic\Logic.csproj", "{A397B1EA-C1BA-428A-9CD0-2D85802124BD}"
EndProject
Project("{FAE04EC0-301F-11D3-BF4B-00C04F79EFBC}") = "Presentation", "Presentation\Presentation.csproj", "{AE7D16CC-F553-4C3C-91FB-81E719AFB420}"
EndProject
Project("{FAE04EC0-301F-11D3-BF4B-00C04F79EFBC}") = "DataTests", "DataTests\DataTests.csproj", "{512F1969-4263-4FAF-A842-5EFA006F05F4}"
EndProject
Project("{FAE04EC0-301F-11D3-BF4B-00C04F79EFBC}") = "LogicTests", "LogicTests\LogicTests.csproj", "{655CDC54-690B-4835-A19B-9722FD27CA6C}"
EndProject
Project("{FAE04EC0-301F-11D3-BF4B-00C04F79EFBC}") = "PresentationTests", "PresentationTests\PresentationTests.csproj", "{90568CDA-3D85-4A10-A38D-AB4BBF64F76C}"
EndProject
Global
	GlobalSection(SolutionConfigurationPlatforms) = preSolution
		Debug|Any CPU = Debug|Any CPU
		Release|Any CPU = Release|Any CPU
	EndGlobalSection
	GlobalSection(ProjectConfigurationPlatforms) = postSolution
		{90681142-6293-4560-9FAB-F91454DF3EF8}.Debug|Any CPU.ActiveCfg = Debug|Any CPU
		{90681142-6293-4560-9FAB-F91454DF3EF8}.Debug|Any CPU.Build.0 = Debug|Any CPU
		{90681142-6293-4560-9FAB-F91454DF3EF8}.Release|Any CPU.ActiveCfg = Release|Any CPU
		{90681142-6293-4560-9FAB-F91454DF3EF8}.Release|Any CPU.Build.0 = Release|Any CPU
		{A397B1EA-C1BA-428A-9CD0-2D85802124BD}.Debug|Any CPU.ActiveCfg = Debug|Any CPU
		{A397B1EA-C1BA-428A-9CD0-2D85802124BD}.Debug|Any CPU.Build.0 = Debug|Any CPU
		{A397B1EA-C1BA-428A-9CD0-2D85802124BD}.Release|Any CPU.ActiveCfg = Release|Any CPU
		{A397B1EA-C1BA-428A-9CD0-2D85802124BD}.Release|Any CPU.Build.0 = Release|Any CPU
		{AE7D16CC-F553-4C3C-91FB-81E719AFB420}.Debug|Any CPU.ActiveCfg = Debug|Any CPU
		{AE7D16CC-F553-4C3C-91FB-81E719AFB420}.Debug|Any CPU.Build.0 = Debug|Any CPU
		{AE7D16CC-F553-4C3C-91FB-81E719AFB420}.Release|Any CPU.ActiveCfg = Release|Any CPU
		{AE7D16CC-F553-4C3C-91FB-81E719AFB420}.Release|Any CPU.Build.0 = Release|Any CPU
		{512F1969-4263-4FAF-A842-5EFA006F05F4}.Debug|Any CPU.ActiveCfg = Debug|Any CPU
		{512F1969-4263-4FAF-A842-5EFA006F05F4}.Debug|Any CPU.Build.0 = Debug|Any CPU
		{512F1969-4263-4FAF-A842-5EFA006F05F4}.Release|Any CPU.ActiveCfg = Release|Any CPU
		{512F1969-4263-4FAF-A842-5EFA006F05F4}.Release|Any CPU.Build.0 = Release|Any CPU
		{655CDC54-690B-4835-A19B-9722FD27CA6C}.Debug|Any CPU.ActiveCfg = Debug|Any CPU
		{655CDC54-690B-4835-A19B-9722FD27CA6C}.Debug|Any CPU.Build.0 = Debug|Any CPU
		{655CDC54-690B-4835-A19B-9722FD27CA6C}.Release|Any CPU.ActiveCfg = Release|Any CPU
		{655CDC54-690B-4835-A19B-9722FD27CA6C}.Release|Any CPU.Build.0 = Release|Any CPU
		{90568CDA-3D85-4A10-A38D-AB4BBF64F76C}.Debug|Any CPU.ActiveCfg = Debug|Any CPU
		{90568CDA-3D85-4A10-A38D-AB4BBF64F76C}.Debug|Any CPU.Build.0 = Debug|Any CPU
		{90568CDA-3D85-4A10-A38D-AB4BBF64F76C}.Release|Any CPU.ActiveCfg = Release|Any CPU
		{90568CDA-3D85-4A10-A38D-AB4BBF64F76C}.Release|Any CPU.Build.0 = Release|Any CPU
	EndGlobalSection
	GlobalSection(SolutionProperties) = preSolution
		HideSolutionNode = FALSE
	EndGlobalSection
	GlobalSection(ExtensibilityGlobals) = postSolution
		SolutionGuid = {536C5A47-D4EF-4CC0-9683-394E8BB24D55}
	EndGlobalSection
EndGlobal
